
Microsoft Visual Studio Solution File, Format Version 12.00
# Visual Studio Version 17
VisualStudioVersion = 17.2.32526.322
MinimumVisualStudioVersion = 10.0.40219.1
Project("{2150E333-8FDC-42A3-9474-1A3956D46DE8}") = "src", "src", "{F2AADEB9-2B18-4AD0-82FC-9AA7EDC9C5A0}"
EndProject
Project("{2150E333-8FDC-42A3-9474-1A3956D46DE8}") = "corePackages", "corePackages", "{9D5A05C9-7BB1-47B9-A831-F964F91051B6}"
EndProject
Project("{9A19103F-16F7-4668-BE54-9A1E7A4F7556}") = "Core.Application", "src\corePackages\Core.Application\Core.Application.csproj", "{9C35E215-1AB4-4F52-A744-FA79DDEAC6E1}"
EndProject
Project("{9A19103F-16F7-4668-BE54-9A1E7A4F7556}") = "Core.CrossCuttingConcerns", "src\corePackages\Core.CrossCuttingConcers\Core.CrossCuttingConcerns.csproj", "{D9E107F0-BE6E-48FC-B8E5-9117E2EB0971}"
EndProject
Project("{9A19103F-16F7-4668-BE54-9A1E7A4F7556}") = "Core.ElasticSearch", "src\corePackages\Core.ElasticSearch\Core.ElasticSearch.csproj", "{6828C526-5105-46E5-910A-0A44486DAAFE}"
EndProject
Project("{9A19103F-16F7-4668-BE54-9A1E7A4F7556}") = "Core.Mailing", "src\corePackages\Core.Mailing\Core.Mailing.csproj", "{876EE624-EFF2-4104-A8AD-73EB9DE1F310}"
EndProject
Project("{9A19103F-16F7-4668-BE54-9A1E7A4F7556}") = "Core.Persistence", "src\corePackages\Core.Persistence\Core.Persistence.csproj", "{491BE581-66F2-4CB2-96EF-DD127C5C3117}"
EndProject
Project("{9A19103F-16F7-4668-BE54-9A1E7A4F7556}") = "Core.Security", "src\corePackages\Core.Security\Core.Security.csproj", "{988498D6-A0FF-4706-B929-A87EEF96FCDC}"
EndProject
Project("{FAE04EC0-301F-11D3-BF4B-00C04F79EFBC}") = "Application", "src\Application\Application.csproj", "{573E8F0E-5A7D-47F0-AC8D-5E4F8FFC821B}"
EndProject
Project("{FAE04EC0-301F-11D3-BF4B-00C04F79EFBC}") = "Domain", "src\Domain\Domain.csproj", "{5BD61042-C28B-4D03-A374-9D0EFCB3971A}"
EndProject
Project("{FAE04EC0-301F-11D3-BF4B-00C04F79EFBC}") = "Infrastructure", "src\Infrastructure\Infrastructure.csproj", "{CFFD7E65-6751-477D-BEF0-A056F184F94A}"
EndProject
Project("{FAE04EC0-301F-11D3-BF4B-00C04F79EFBC}") = "Persistence", "src\Persistence\Persistence.csproj", "{D786EB7E-0FA0-4A97-8380-EAE80892C997}"
EndProject
Project("{FAE04EC0-301F-11D3-BF4B-00C04F79EFBC}") = "WebAPI", "src\WebAPI\WebAPI.csproj", "{04D14184-9271-4CC5-8D42-A0F158974E21}"
EndProject
Global
	GlobalSection(SolutionConfigurationPlatforms) = preSolution
		Debug|Any CPU = Debug|Any CPU
		Release|Any CPU = Release|Any CPU
	EndGlobalSection
	GlobalSection(ProjectConfigurationPlatforms) = postSolution
		{9C35E215-1AB4-4F52-A744-FA79DDEAC6E1}.Debug|Any CPU.ActiveCfg = Debug|Any CPU
		{9C35E215-1AB4-4F52-A744-FA79DDEAC6E1}.Debug|Any CPU.Build.0 = Debug|Any CPU
		{9C35E215-1AB4-4F52-A744-FA79DDEAC6E1}.Release|Any CPU.ActiveCfg = Release|Any CPU
		{9C35E215-1AB4-4F52-A744-FA79DDEAC6E1}.Release|Any CPU.Build.0 = Release|Any CPU
		{D9E107F0-BE6E-48FC-B8E5-9117E2EB0971}.Debug|Any CPU.ActiveCfg = Debug|Any CPU
		{D9E107F0-BE6E-48FC-B8E5-9117E2EB0971}.Debug|Any CPU.Build.0 = Debug|Any CPU
		{D9E107F0-BE6E-48FC-B8E5-9117E2EB0971}.Release|Any CPU.ActiveCfg = Release|Any CPU
		{D9E107F0-BE6E-48FC-B8E5-9117E2EB0971}.Release|Any CPU.Build.0 = Release|Any CPU
		{6828C526-5105-46E5-910A-0A44486DAAFE}.Debug|Any CPU.ActiveCfg = Debug|Any CPU
		{6828C526-5105-46E5-910A-0A44486DAAFE}.Debug|Any CPU.Build.0 = Debug|Any CPU
		{6828C526-5105-46E5-910A-0A44486DAAFE}.Release|Any CPU.ActiveCfg = Release|Any CPU
		{6828C526-5105-46E5-910A-0A44486DAAFE}.Release|Any CPU.Build.0 = Release|Any CPU
		{876EE624-EFF2-4104-A8AD-73EB9DE1F310}.Debug|Any CPU.ActiveCfg = Debug|Any CPU
		{876EE624-EFF2-4104-A8AD-73EB9DE1F310}.Debug|Any CPU.Build.0 = Debug|Any CPU
		{876EE624-EFF2-4104-A8AD-73EB9DE1F310}.Release|Any CPU.ActiveCfg = Release|Any CPU
		{876EE624-EFF2-4104-A8AD-73EB9DE1F310}.Release|Any CPU.Build.0 = Release|Any CPU
		{491BE581-66F2-4CB2-96EF-DD127C5C3117}.Debug|Any CPU.ActiveCfg = Debug|Any CPU
		{491BE581-66F2-4CB2-96EF-DD127C5C3117}.Debug|Any CPU.Build.0 = Debug|Any CPU
		{491BE581-66F2-4CB2-96EF-DD127C5C3117}.Release|Any CPU.ActiveCfg = Release|Any CPU
		{491BE581-66F2-4CB2-96EF-DD127C5C3117}.Release|Any CPU.Build.0 = Release|Any CPU
		{988498D6-A0FF-4706-B929-A87EEF96FCDC}.Debug|Any CPU.ActiveCfg = Debug|Any CPU
		{988498D6-A0FF-4706-B929-A87EEF96FCDC}.Debug|Any CPU.Build.0 = Debug|Any CPU
		{988498D6-A0FF-4706-B929-A87EEF96FCDC}.Release|Any CPU.ActiveCfg = Release|Any CPU
		{988498D6-A0FF-4706-B929-A87EEF96FCDC}.Release|Any CPU.Build.0 = Release|Any CPU
		{573E8F0E-5A7D-47F0-AC8D-5E4F8FFC821B}.Debug|Any CPU.ActiveCfg = Debug|Any CPU
		{573E8F0E-5A7D-47F0-AC8D-5E4F8FFC821B}.Debug|Any CPU.Build.0 = Debug|Any CPU
		{573E8F0E-5A7D-47F0-AC8D-5E4F8FFC821B}.Release|Any CPU.ActiveCfg = Release|Any CPU
		{573E8F0E-5A7D-47F0-AC8D-5E4F8FFC821B}.Release|Any CPU.Build.0 = Release|Any CPU
		{5BD61042-C28B-4D03-A374-9D0EFCB3971A}.Debug|Any CPU.ActiveCfg = Debug|Any CPU
		{5BD61042-C28B-4D03-A374-9D0EFCB3971A}.Debug|Any CPU.Build.0 = Debug|Any CPU
		{5BD61042-C28B-4D03-A374-9D0EFCB3971A}.Release|Any CPU.ActiveCfg = Release|Any CPU
		{5BD61042-C28B-4D03-A374-9D0EFCB3971A}.Release|Any CPU.Build.0 = Release|Any CPU
		{CFFD7E65-6751-477D-BEF0-A056F184F94A}.Debug|Any CPU.ActiveCfg = Debug|Any CPU
		{CFFD7E65-6751-477D-BEF0-A056F184F94A}.Debug|Any CPU.Build.0 = Debug|Any CPU
		{CFFD7E65-6751-477D-BEF0-A056F184F94A}.Release|Any CPU.ActiveCfg = Release|Any CPU
		{CFFD7E65-6751-477D-BEF0-A056F184F94A}.Release|Any CPU.Build.0 = Release|Any CPU
		{D786EB7E-0FA0-4A97-8380-EAE80892C997}.Debug|Any CPU.ActiveCfg = Debug|Any CPU
		{D786EB7E-0FA0-4A97-8380-EAE80892C997}.Debug|Any CPU.Build.0 = Debug|Any CPU
		{D786EB7E-0FA0-4A97-8380-EAE80892C997}.Release|Any CPU.ActiveCfg = Release|Any CPU
		{D786EB7E-0FA0-4A97-8380-EAE80892C997}.Release|Any CPU.Build.0 = Release|Any CPU
		{04D14184-9271-4CC5-8D42-A0F158974E21}.Debug|Any CPU.ActiveCfg = Debug|Any CPU
		{04D14184-9271-4CC5-8D42-A0F158974E21}.Debug|Any CPU.Build.0 = Debug|Any CPU
		{04D14184-9271-4CC5-8D42-A0F158974E21}.Release|Any CPU.ActiveCfg = Release|Any CPU
		{04D14184-9271-4CC5-8D42-A0F158974E21}.Release|Any CPU.Build.0 = Release|Any CPU
	EndGlobalSection
	GlobalSection(SolutionProperties) = preSolution
		HideSolutionNode = FALSE
	EndGlobalSection
	GlobalSection(NestedProjects) = preSolution
		{9D5A05C9-7BB1-47B9-A831-F964F91051B6} = {F2AADEB9-2B18-4AD0-82FC-9AA7EDC9C5A0}
		{9C35E215-1AB4-4F52-A744-FA79DDEAC6E1} = {9D5A05C9-7BB1-47B9-A831-F964F91051B6}
		{D9E107F0-BE6E-48FC-B8E5-9117E2EB0971} = {9D5A05C9-7BB1-47B9-A831-F964F91051B6}
		{6828C526-5105-46E5-910A-0A44486DAAFE} = {9D5A05C9-7BB1-47B9-A831-F964F91051B6}
		{876EE624-EFF2-4104-A8AD-73EB9DE1F310} = {9D5A05C9-7BB1-47B9-A831-F964F91051B6}
		{491BE581-66F2-4CB2-96EF-DD127C5C3117} = {9D5A05C9-7BB1-47B9-A831-F964F91051B6}
		{988498D6-A0FF-4706-B929-A87EEF96FCDC} = {9D5A05C9-7BB1-47B9-A831-F964F91051B6}
		{573E8F0E-5A7D-47F0-AC8D-5E4F8FFC821B} = {F2AADEB9-2B18-4AD0-82FC-9AA7EDC9C5A0}
		{5BD61042-C28B-4D03-A374-9D0EFCB3971A} = {F2AADEB9-2B18-4AD0-82FC-9AA7EDC9C5A0}
		{CFFD7E65-6751-477D-BEF0-A056F184F94A} = {F2AADEB9-2B18-4AD0-82FC-9AA7EDC9C5A0}
		{D786EB7E-0FA0-4A97-8380-EAE80892C997} = {F2AADEB9-2B18-4AD0-82FC-9AA7EDC9C5A0}
		{04D14184-9271-4CC5-8D42-A0F158974E21} = {F2AADEB9-2B18-4AD0-82FC-9AA7EDC9C5A0}
	EndGlobalSection
	GlobalSection(ExtensibilityGlobals) = postSolution
		SolutionGuid = {8E57C38F-A8C1-4451-9BD6-7983E02C83C3}
	EndGlobalSection
EndGlobal
